<?xml version="1.0" encoding="utf-8"?>
<Project xmlns="http://schemas.microsoft.com/developer/msbuild/2003">
  <ItemGroup>
    <Filter Include="Form Files">
      <UniqueIdentifier>{99349809-55BA-4b9d-BF79-8FDBB0286EB3}</UniqueIdentifier>
      <Extensions>ui</Extensions>
      <ParseFiles>false</ParseFiles>
    </Filter>
    <Filter Include="Form Files">
      <UniqueIdentifier>{99349809-55BA-4b9d-BF79-8FDBB0286EB3}</UniqueIdentifier>
      <Extensions>ui</Extensions>
      <ParseFiles>false</ParseFiles>
    </Filter>
    <Filter Include="Generated Files">
      <UniqueIdentifier>{71ED8ED8-ACB9-4CE9-BBE1-E00B30144E11}</UniqueIdentifier>
      <Extensions>cpp;c;cxx;moc;h;def;odl;idl;res;</Extensions>
    </Filter>
    <Filter Include="Generated Files">
      <UniqueIdentifier>{71ED8ED8-ACB9-4CE9-BBE1-E00B30144E11}</UniqueIdentifier>
      <Extensions>cpp;c;cxx;moc;h;def;odl;idl;res;</Extensions>
    </Filter>
    <Filter Include="Header Files">
      <UniqueIdentifier>{93995380-89BD-4b04-88EB-625FBE52EBFB}</UniqueIdentifier>
      <Extensions>h;hpp;hxx;hm;inl;inc;xsd</Extensions>
    </Filter>
    <Filter Include="Header Files">
      <UniqueIdentifier>{93995380-89BD-4b04-88EB-625FBE52EBFB}</UniqueIdentifier>
      <Extensions>h;hpp;hxx;hm;inl;inc;xsd</Extensions>
    </Filter>
    <Filter Include="Resource Files">
      <UniqueIdentifier>{D9D6E242-F8AF-46E4-B9FD-80ECBC20BA3E}</UniqueIdentifier>
      <Extensions>qrc;*</Extensions>
      <ParseFiles>false</ParseFiles>
    </Filter>
    <Filter Include="Resource Files">
      <UniqueIdentifier>{D9D6E242-F8AF-46E4-B9FD-80ECBC20BA3E}</UniqueIdentifier>
      <Extensions>qrc;*</Extensions>
      <ParseFiles>false</ParseFiles>
    </Filter>
    <Filter Include="Source Files">
      <UniqueIdentifier>{4FC737F1-C7A5-4376-A066-2A32D752A2FF}</UniqueIdentifier>
      <Extensions>cpp;c;cxx;def;odl;idl;hpj;bat;asm;asmx</Extensions>
    </Filter>
    <Filter Include="Source Files">
      <UniqueIdentifier>{4FC737F1-C7A5-4376-A066-2A32D752A2FF}</UniqueIdentifier>
      <Extensions>cpp;c;cxx;def;odl;idl;hpj;bat;asm;asmx</Extensions>
    </Filter>
    <Filter Include="Translation Files">
      <UniqueIdentifier>{639EADAA-A684-42e4-A9AD-28FC9BCB8F7C}</UniqueIdentifier>
      <Extensions>ts;xlf</Extensions>
      <ParseFiles>false</ParseFiles>
    </Filter>
    <Filter Include="Translation Files">
      <UniqueIdentifier>{639EADAA-A684-42e4-A9AD-28FC9BCB8F7C}</UniqueIdentifier>
      <Extensions>ts;xlf</Extensions>
      <ParseFiles>false</ParseFiles>
    </Filter>
  </ItemGroup>
  <ItemGroup>
    <ClCompile Include="KeyString.cpp">
      <Filter>Source Files</Filter>
    </ClCompile>
    <ClCompile Include="canvas.cpp">
      <Filter>Source Files</Filter>
    </ClCompile>
    <ClCompile Include="hotkeybar.cpp">
      <Filter>Source Files</Filter>
    </ClCompile>
    <ClCompile Include="linepaint.cpp">
      <Filter>Source Files</Filter>
    </ClCompile>
    <ClCompile Include="main.cpp">
      <Filter>Source Files</Filter>
    </ClCompile>
    <ClCompile Include="qxtglobalshortcut5\core\qxtglobal.cpp">
      <Filter>Source Files</Filter>
    </ClCompile>
    <ClCompile Include="qxtglobalshortcut5\gui\qxtglobalshortcut.cpp">
      <Filter>Source Files</Filter>
    </ClCompile>
    <ClCompile Include="qxtglobalshortcut5\gui\qxtglobalshortcut_win.cpp">
      <Filter>Source Files</Filter>
    </ClCompile>
    <ClCompile Include="qxtglobalshortcut5\gui\qxtwindowsystem.cpp">
      <Filter>Source Files</Filter>
    </ClCompile>
    <ClCompile Include="qxtglobalshortcut5\gui\qxtwindowsystem_win.cpp">
      <Filter>Source Files</Filter>
    </ClCompile>
    <ClCompile Include="rectpaint.cpp">
      <Filter>Source Files</Filter>
    </ClCompile>
    <ClCompile Include="screenshottool.cpp">
      <Filter>Source Files</Filter>
    </ClCompile>
    <ClCompile Include="textpaint.cpp">
      <Filter>Source Files</Filter>
    </ClCompile>
  </ItemGroup>
  <ItemGroup>
    <ClInclude Include="KeyString.h">
      <Filter>Header Files</Filter>
    </ClInclude>
    <QtMoc Include="canvas.h">
      <Filter>Header Files</Filter>
    </QtMoc>
    <QtMoc Include="hotkeybar.h">
      <Filter>Header Files</Filter>
    </QtMoc>
    <ClInclude Include="linepaint.h">
      <Filter>Header Files</Filter>
    </ClInclude>
    <ClInclude Include="operateSet.h">
      <Filter>Header Files</Filter>
    </ClInclude>
    <ClInclude Include="qxtglobalshortcut5\core\qxtglobal.h">
      <Filter>Header Files</Filter>
    </ClInclude>
    <QtMoc Include="qxtglobalshortcut5\gui\qxtglobalshortcut.h">
      <Filter>Header Files</Filter>
    </QtMoc>
    <ClInclude Include="qxtglobalshortcut5\gui\qxtglobalshortcut_p.h">
      <Filter>Header Files</Filter>
    </ClInclude>
    <ClInclude Include="qxtglobalshortcut5\gui\qxtwindowsystem.h">
      <Filter>Header Files</Filter>
    </ClInclude>
    <ClInclude Include="rectpaint.h">
      <Filter>Header Files</Filter>
    </ClInclude>
    <QtMoc Include="screenshottool.h">
      <Filter>Header Files</Filter>
    </QtMoc>
    <QtMoc Include="textpaint.h">
      <Filter>Header Files</Filter>
    </QtMoc>
  </ItemGroup>
  <ItemGroup>
    <CustomBuild Include="debug\moc_predefs.h.cbt">
      <Filter>Generated Files</Filter>
    </CustomBuild>
    <CustomBuild Include="release\moc_predefs.h.cbt">
      <Filter>Generated Files</Filter>
    </CustomBuild>
  </ItemGroup>
  <ItemGroup>
    <None Include="en.ts">
      <Filter>Translation Files</Filter>
    </None>
    <None Include="zh_cn.ts">
      <Filter>Translation Files</Filter>
    </None>
  </ItemGroup>
  <ItemGroup>
    <QtUic Include="screenshottool.ui">
      <Filter>Form Files</Filter>
    </QtUic>
  </ItemGroup>
  <ItemGroup>
    <None Include="pic\1.ico">
      <Filter>Resource Files</Filter>
    </None>
    <None Include="pic\2.ico">
      <Filter>Resource Files</Filter>
    </None>
    <None Include="pic\3.ico">
      <Filter>Resource Files</Filter>
    </None>
    <None Include="pic\4.ico">
      <Filter>Resource Files</Filter>
    </None>
    <None Include="pic\5.ico">
      <Filter>Resource Files</Filter>
    </None>
    <QtRcc Include="screenshottool.qrc">
      <Filter>Resource Files</Filter>
    </QtRcc>
    <None Include="ss.ico">
      <Filter>Resource Files</Filter>
    </None>
  </ItemGroup>
  <ItemGroup>
    <ResourceCompile Include=".\ScreenShotTool_resource.rc" />
  </ItemGroup>
</Project>